
Microsoft Visual Studio Solution File, Format Version 12.00
# Visual Studio 15
VisualStudioVersion = 15.0.28307.572
MinimumVisualStudioVersion = 10.0.40219.1
Project("{FAE04EC0-301F-11D3-BF4B-00C04F79EFBC}") = "XamarinPracApp.Android", "XamarinPracApp\XamarinPracApp.Android\XamarinPracApp.Android.csproj", "{3CE655E4-E093-48DD-B4A8-40747E1CAB8F}"
EndProject
Project("{FAE04EC0-301F-11D3-BF4B-00C04F79EFBC}") = "XamarinPracApp", "XamarinPracApp\XamarinPracApp\XamarinPracApp.csproj", "{C3D4D481-36FF-4DF0-825E-21DFA33C922A}"
EndProject
Global
	GlobalSection(SolutionConfigurationPlatforms) = preSolution
		Debug|Any CPU = Debug|Any CPU
		Release|Any CPU = Release|Any CPU
	EndGlobalSection
	GlobalSection(ProjectConfigurationPlatforms) = postSolution
		{3CE655E4-E093-48DD-B4A8-40747E1CAB8F}.Debug|Any CPU.ActiveCfg = Debug|Any CPU
		{3CE655E4-E093-48DD-B4A8-40747E1CAB8F}.Debug|Any CPU.Build.0 = Debug|Any CPU
		{3CE655E4-E093-48DD-B4A8-40747E1CAB8F}.Debug|Any CPU.Deploy.0 = Debug|Any CPU
		{3CE655E4-E093-48DD-B4A8-40747E1CAB8F}.Release|Any CPU.ActiveCfg = Release|Any CPU
		{3CE655E4-E093-48DD-B4A8-40747E1CAB8F}.Release|Any CPU.Build.0 = Release|Any CPU
		{3CE655E4-E093-48DD-B4A8-40747E1CAB8F}.Release|Any CPU.Deploy.0 = Release|Any CPU
		{C3D4D481-36FF-4DF0-825E-21DFA33C922A}.Debug|Any CPU.ActiveCfg = Debug|Any CPU
		{C3D4D481-36FF-4DF0-825E-21DFA33C922A}.Debug|Any CPU.Build.0 = Debug|Any CPU
		{C3D4D481-36FF-4DF0-825E-21DFA33C922A}.Debug|Any CPU.Deploy.0 = Debug|Any CPU
		{C3D4D481-36FF-4DF0-825E-21DFA33C922A}.Release|Any CPU.ActiveCfg = Release|Any CPU
		{C3D4D481-36FF-4DF0-825E-21DFA33C922A}.Release|Any CPU.Build.0 = Release|Any CPU
		{C3D4D481-36FF-4DF0-825E-21DFA33C922A}.Release|Any CPU.Deploy.0 = Release|Any CPU
	EndGlobalSection
	GlobalSection(SolutionProperties) = preSolution
		HideSolutionNode = FALSE
	EndGlobalSection
	GlobalSection(ExtensibilityGlobals) = postSolution
		SolutionGuid = {B3CA55C3-FC00-4BBF-AB55-72693720EE48}
	EndGlobalSection
EndGlobal
